// !$*UTF8*$!
{
	archiveVersion = 1;
	classes = {
	};
	objectVersion = 46;
	objects = {

/* Begin PBXBuildFile section */
		138A74C51B446D3700E550DD /* AppDelegate.swift in Sources */ = {isa = PBXBuildFile; fileRef = 138A74C41B446D3700E550DD /* AppDelegate.swift */; };
		138A74C71B446D3700E550DD /* ViewController.swift in Sources */ = {isa = PBXBuildFile; fileRef = 138A74C61B446D3700E550DD /* ViewController.swift */; };
		138A74CA1B446D3700E550DD /* Main.storyboard in Resources */ = {isa = PBXBuildFile; fileRef = 138A74C81B446D3700E550DD /* Main.storyboard */; };
		138A74CC1B446D3700E550DD /* Images.xcassets in Resources */ = {isa = PBXBuildFile; fileRef = 138A74CB1B446D3700E550DD /* Images.xcassets */; };
		138A74CF1B446D3700E550DD /* LaunchScreen.xib in Resources */ = {isa = PBXBuildFile; fileRef = 138A74CD1B446D3700E550DD /* LaunchScreen.xib */; };
		138A74DB1B446D3700E550DD /* back_to_bachTests.swift in Sources */ = {isa = PBXBuildFile; fileRef = 138A74DA1B446D3700E550DD /* back_to_bachTests.swift */; };
		138A74E51B4470A900E550DD /* Johann_Sebastian_Bach-2.jpg in Resources */ = {isa = PBXBuildFile; fileRef = 138A74E41B4470A900E550DD /* Johann_Sebastian_Bach-2.jpg */; };
		138A74E71B4470BC00E550DD /* bach-bwv647-breemer.mp3 in Resources */ = {isa = PBXBuildFile; fileRef = 138A74E61B4470BC00E550DD /* bach-bwv647-breemer.mp3 */; };
		138A74E91B447E5C00E550DD /* r_allemande.mp3 in Resources */ = {isa = PBXBuildFile; fileRef = 138A74E81B447E5C00E550DD /* r_allemande.mp3 */; };
		138A74EA1B447E5C00E550DD /* r_allemande.mp3 in Resources */ = {isa = PBXBuildFile; fileRef = 138A74E81B447E5C00E550DD /* r_allemande.mp3 */; };
		138A74EC1B44846C00E550DD /* bach1.mp3 in Resources */ = {isa = PBXBuildFile; fileRef = 138A74EB1B44846C00E550DD /* bach1.mp3 */; };
		138A74ED1B44846C00E550DD /* bach1.mp3 in Resources */ = {isa = PBXBuildFile; fileRef = 138A74EB1B44846C00E550DD /* bach1.mp3 */; };
/* End PBXBuildFile section */

/* Begin PBXContainerItemProxy section */
		138A74D51B446D3700E550DD /* PBXContainerItemProxy */ = {
			isa = PBXContainerItemProxy;
			containerPortal = 138A74B71B446D3700E550DD /* Project object */;
			proxyType = 1;
			remoteGlobalIDString = 138A74BE1B446D3700E550DD;
			remoteInfo = "back to bach";
		};
/* End PBXContainerItemProxy section */

/* Begin PBXFileReference section */
		138A74BF1B446D3700E550DD /* back to bach.app */ = {isa = PBXFileReference; explicitFileType = wrapper.application; includeInIndex = 0; path = "back to bach.app"; sourceTree = BUILT_PRODUCTS_DIR; };
		138A74C31B446D3700E550DD /* Info.plist */ = {isa = PBXFileReference; lastKnownFileType = text.plist.xml; path = Info.plist; sourceTree = "<group>"; };
		138A74C41B446D3700E550DD /* AppDelegate.swift */ = {isa = PBXFileReference; lastKnownFileType = sourcecode.swift; path = AppDelegate.swift; sourceTree = "<group>"; };
		138A74C61B446D3700E550DD /* ViewController.swift */ = {isa = PBXFileReference; lastKnownFileType = sourcecode.swift; path = ViewController.swift; sourceTree = "<group>"; };
		138A74C91B446D3700E550DD /* Base */ = {isa = PBXFileReference; lastKnownFileType = file.storyboard; name = Base; path = Base.lproj/Main.storyboard; sourceTree = "<group>"; };
		138A74CB1B446D3700E550DD /* Images.xcassets */ = {isa = PBXFileReference; lastKnownFileType = folder.assetcatalog; path = Images.xcassets; sourceTree = "<group>"; };
		138A74CE1B446D3700E550DD /* Base */ = {isa = PBXFileReference; lastKnownFileType = file.xib; name = Base; path = Base.lproj/LaunchScreen.xib; sourceTree = "<group>"; };
		138A74D41B446D3700E550DD /* back to bachTests.xctest */ = {isa = PBXFileReference; explicitFileType = wrapper.cfbundle; includeInIndex = 0; path = "back to bachTests.xctest"; sourceTree = BUILT_PRODUCTS_DIR; };
		138A74D91B446D3700E550DD /* Info.plist */ = {isa = PBXFileReference; lastKnownFileType = text.plist.xml; path = Info.plist; sourceTree = "<group>"; };
		138A74DA1B446D3700E550DD /* back_to_bachTests.swift */ = {isa = PBXFileReference; lastKnownFileType = sourcecode.swift; path = back_to_bachTests.swift; sourceTree = "<group>"; };
		138A74E41B4470A900E550DD /* Johann_Sebastian_Bach-2.jpg */ = {isa = PBXFileReference; lastKnownFileType = image.jpeg; path = "Johann_Sebastian_Bach-2.jpg"; sourceTree = "<group>"; };
		138A74E61B4470BC00E550DD /* bach-bwv647-breemer.mp3 */ = {isa = PBXFileReference; lastKnownFileType = audio.mp3; path = "bach-bwv647-breemer.mp3"; sourceTree = "<group>"; };
		138A74E81B447E5C00E550DD /* r_allemande.mp3 */ = {isa = PBXFileReference; lastKnownFileType = audio.mp3; path = r_allemande.mp3; sourceTree = "<group>"; };
		138A74EB1B44846C00E550DD /* bach1.mp3 */ = {isa = PBXFileReference; lastKnownFileType = audio.mp3; path = bach1.mp3; sourceTree = "<group>"; };
/* End PBXFileReference section */

/* Begin PBXFrameworksBuildPhase section */
		138A74BC1B446D3700E550DD /* Frameworks */ = {
			isa = PBXFrameworksBuildPhase;
			buildActionMask = 2147483647;
			files = (
			);
			runOnlyForDeploymentPostprocessing = 0;
		};
		138A74D11B446D3700E550DD /* Frameworks */ = {
			isa = PBXFrameworksBuildPhase;
			buildActionMask = 2147483647;
			files = (
			);
			runOnlyForDeploymentPostprocessing = 0;
		};
/* End PBXFrameworksBuildPhase section */

/* Begin PBXGroup section */
		138A74B61B446D3700E550DD = {
			isa = PBXGroup;
			children = (
				138A74C11B446D3700E550DD /* back to bach */,
				138A74D71B446D3700E550DD /* back to bachTests */,
				138A74C01B446D3700E550DD /* Products */,
			);
			sourceTree = "<group>";
		};
		138A74C01B446D3700E550DD /* Products */ = {
			isa = PBXGroup;
			children = (
				138A74BF1B446D3700E550DD /* back to bach.app */,
				138A74D41B446D3700E550DD /* back to bachTests.xctest */,
			);
			name = Products;
			sourceTree = "<group>";
		};
		138A74C11B446D3700E550DD /* back to bach */ = {
			isa = PBXGroup;
			children = (
				138A74E61B4470BC00E550DD /* bach-bwv647-breemer.mp3 */,
				138A74E41B4470A900E550DD /* Johann_Sebastian_Bach-2.jpg */,
				138A74E81B447E5C00E550DD /* r_allemande.mp3 */,
				138A74EB1B44846C00E550DD /* bach1.mp3 */,
				138A74C41B446D3700E550DD /* AppDelegate.swift */,
				138A74C61B446D3700E550DD /* ViewController.swift */,
				138A74C81B446D3700E550DD /* Main.storyboard */,
				138A74CB1B446D3700E550DD /* Images.xcassets */,
				138A74CD1B446D3700E550DD /* LaunchScreen.xib */,
				138A74C21B446D3700E550DD /* Supporting Files */,
			);
			path = "back to bach";
			sourceTree = "<group>";
		};
		138A74C21B446D3700E550DD /* Supporting Files */ = {
			isa = PBXGroup;
			children = (
				138A74C31B446D3700E550DD /* Info.plist */,
			);
			name = "Supporting Files";
			sourceTree = "<group>";
		};
		138A74D71B446D3700E550DD /* back to bachTests */ = {
			isa = PBXGroup;
			children = (
				138A74DA1B446D3700E550DD /* back_to_bachTests.swift */,
				138A74D81B446D3700E550DD /* Supporting Files */,
			);
			path = "back to bachTests";
			sourceTree = "<group>";
		};
		138A74D81B446D3700E550DD /* Supporting Files */ = {
			isa = PBXGroup;
			children = (
				138A74D91B446D3700E550DD /* Info.plist */,
			);
			name = "Supporting Files";
			sourceTree = "<group>";
		};
/* End PBXGroup section */

/* Begin PBXNativeTarget section */
		138A74BE1B446D3700E550DD /* back to bach */ = {
			isa = PBXNativeTarget;
			buildConfigurationList = 138A74DE1B446D3700E550DD /* Build configuration list for PBXNativeTarget "back to bach" */;
			buildPhases = (
				138A74BB1B446D3700E550DD /* Sources */,
				138A74BC1B446D3700E550DD /* Frameworks */,
				138A74BD1B446D3700E550DD /* Resources */,
			);
			buildRules = (
			);
			dependencies = (
			);
			name = "back to bach";
			productName = "back to bach";
			productReference = 138A74BF1B446D3700E550DD /* back to bach.app */;
			productType = "com.apple.product-type.application";
		};
		138A74D31B446D3700E550DD /* back to bachTests */ = {
			isa = PBXNativeTarget;
			buildConfigurationList = 138A74E11B446D3700E550DD /* Build configuration list for PBXNativeTarget "back to bachTests" */;
			buildPhases = (
				138A74D01B446D3700E550DD /* Sources */,
				138A74D11B446D3700E550DD /* Frameworks */,
				138A74D21B446D3700E550DD /* Resources */,
			);
			buildRules = (
			);
			dependencies = (
				138A74D61B446D3700E550DD /* PBXTargetDependency */,
			);
			name = "back to bachTests";
			productName = "back to bachTests";
			productReference = 138A74D41B446D3700E550DD /* back to bachTests.xctest */;
			productType = "com.apple.product-type.bundle.unit-test";
		};
/* End PBXNativeTarget section */

/* Begin PBXProject section */
		138A74B71B446D3700E550DD /* Project object */ = {
			isa = PBXProject;
			attributes = {
				LastUpgradeCheck = 0630;
				ORGANIZATIONNAME = Geneva;
				TargetAttributes = {
					138A74BE1B446D3700E550DD = {
						CreatedOnToolsVersion = 6.3.2;
					};
					138A74D31B446D3700E550DD = {
						CreatedOnToolsVersion = 6.3.2;
						TestTargetID = 138A74BE1B446D3700E550DD;
					};
				};
			};
			buildConfigurationList = 138A74BA1B446D3700E550DD /* Build configuration list for PBXProject "back to bach" */;
			compatibilityVersion = "Xcode 3.2";
			developmentRegion = English;
			hasScannedForEncodings = 0;
			knownRegions = (
				en,
				Base,
			);
			mainGroup = 138A74B61B446D3700E550DD;
			productRefGroup = 138A74C01B446D3700E550DD /* Products */;
			projectDirPath = "";
			projectRoot = "";
			targets = (
				138A74BE1B446D3700E550DD /* back to bach */,
				138A74D31B446D3700E550DD /* back to bachTests */,
			);
		};
/* End PBXProject section */

/* Begin PBXResourcesBuildPhase section */
		138A74BD1B446D3700E550DD /* Resources */ = {
			isa = PBXResourcesBuildPhase;
			buildActionMask = 2147483647;
			files = (
				138A74CA1B446D3700E550DD /* Main.storyboard in Resources */,
				138A74E91B447E5C00E550DD /* r_allemande.mp3 in Resources */,
				138A74E51B4470A900E550DD /* Johann_Sebastian_Bach-2.jpg in Resources */,
				138A74E71B4470BC00E550DD /* bach-bwv647-breemer.mp3 in Resources */,
				138A74CF1B446D3700E550DD /* LaunchScreen.xib in Resources */,
				138A74EC1B44846C00E550DD /* bach1.mp3 in Resources */,
				138A74CC1B446D3700E550DD /* Images.xcassets in Resources */,
			);
			runOnlyForDeploymentPostprocessing = 0;
		};
		138A74D21B446D3700E550DD /* Resources */ = {
			isa = PBXResourcesBuildPhase;
			buildActionMask = 2147483647;
			files = (
				138A74ED1B44846C00E550DD /* bach1.mp3 in Resources */,
				138A74EA1B447E5C00E550DD /* r_allemande.mp3 in Resources */,
			);
			runOnlyForDeploymentPostprocessing = 0;
		};
/* End PBXResourcesBuildPhase section */

/* Begin PBXSourcesBuildPhase section */
		138A74BB1B446D3700E550DD /* Sources */ = {
			isa = PBXSourcesBuildPhase;
			buildActionMask = 2147483647;
			files = (
				138A74C71B446D3700E550DD /* ViewController.swift in Sources */,
				138A74C51B446D3700E550DD /* AppDelegate.swift in Sources */,
			);
			runOnlyForDeploymentPostprocessing = 0;
		};
		138A74D01B446D3700E550DD /* Sources */ = {
			isa = PBXSourcesBuildPhase;
			buildActionMask = 2147483647;
			files = (
				138A74DB1B446D3700E550DD /* back_to_bachTests.swift in Sources */,
			);
			runOnlyForDeploymentPostprocessing = 0;
		};
/* End PBXSourcesBuildPhase section */

/* Begin PBXTargetDependency section */
		138A74D61B446D3700E550DD /* PBXTargetDependency */ = {
			isa = PBXTargetDependency;
			target = 138A74BE1B446D3700E550DD /* back to bach */;
			targetProxy = 138A74D51B446D3700E550DD /* PBXContainerItemProxy */;
		};
/* End PBXTargetDependency section */

/* Begin PBXVariantGroup section */
		138A74C81B446D3700E550DD /* Main.storyboard */ = {
			isa = PBXVariantGroup;
			children = (
				138A74C91B446D3700E550DD /* Base */,
			);
			name = Main.storyboard;
			sourceTree = "<group>";
		};
		138A74CD1B446D3700E550DD /* LaunchScreen.xib */ = {
			isa = PBXVariantGroup;
			children = (
				138A74CE1B446D3700E550DD /* Base */,
			);
			name = LaunchScreen.xib;
			sourceTree = "<group>";
		};
/* End PBXVariantGroup section */

/* Begin XCBuildConfiguration section */
		138A74DC1B446D3700E550DD /* Debug */ = {
			isa = XCBuildConfiguration;
			buildSettings = {
				ALWAYS_SEARCH_USER_PATHS = NO;
				CLANG_CXX_LANGUAGE_STANDARD = "gnu++0x";
				CLANG_CXX_LIBRARY = "libc++";
				CLANG_ENABLE_MODULES = YES;
				CLANG_ENABLE_OBJC_ARC = YES;
				CLANG_WARN_BOOL_CONVERSION = YES;
				CLANG_WARN_CONSTANT_CONVERSION = YES;
				CLANG_WARN_DIRECT_OBJC_ISA_USAGE = YES_ERROR;
				CLANG_WARN_EMPTY_BODY = YES;
				CLANG_WARN_ENUM_CONVERSION = YES;
				CLANG_WARN_INT_CONVERSION = YES;
				CLANG_WARN_OBJC_ROOT_CLASS = YES_ERROR;
				CLANG_WARN_UNREACHABLE_CODE = YES;
				CLANG_WARN__DUPLICATE_METHOD_MATCH = YES;
				"CODE_SIGN_IDENTITY[sdk=iphoneos*]" = "iPhone Developer";
				COPY_PHASE_STRIP = NO;
				DEBUG_INFORMATION_FORMAT = "dwarf-with-dsym";
				ENABLE_STRICT_OBJC_MSGSEND = YES;
				GCC_C_LANGUAGE_STANDARD = gnu99;
				GCC_DYNAMIC_NO_PIC = NO;
				GCC_NO_COMMON_BLOCKS = YES;
				GCC_OPTIMIZATION_LEVEL = 0;
				GCC_PREPROCESSOR_DEFINITIONS = (
					"DEBUG=1",
					"$(inherited)",
				);
				GCC_SYMBOLS_PRIVATE_EXTERN = NO;
				GCC_WARN_64_TO_32_BIT_CONVERSION = YES;
				GCC_WARN_ABOUT_RETURN_TYPE = YES_ERROR;
				GCC_WARN_UNDECLARED_SELECTOR = YES;
				GCC_WARN_UNINITIALIZED_AUTOS = YES_AGGRESSIVE;
				GCC_WARN_UNUSED_FUNCTION = YES;
				GCC_WARN_UNUSED_VARIABLE = YES;
				IPHONEOS_DEPLOYMENT_TARGET = 8.3;
				MTL_ENABLE_DEBUG_INFO = YES;
				ONLY_ACTIVE_ARCH = YES;
				SDKROOT = iphoneos;
				SWIFT_OPTIMIZATION_LEVEL = "-Onone";
			};
			name = Debug;
		};
		138A74DD1B446D3700E550DD /* Release */ = {
			isa = XCBuildConfiguration;
			buildSettings = {
				ALWAYS_SEARCH_USER_PATHS = NO;
				CLANG_CXX_LANGUAGE_STANDARD = "gnu++0x";
				CLANG_CXX_LIBRARY = "libc++";
				CLANG_ENABLE_MODULES = YES;
				CLANG_ENABLE_OBJC_ARC = YES;
				CLANG_WARN_BOOL_CONVERSION = YES;
				CLANG_WARN_CONSTANT_CONVERSION = YES;
				CLANG_WARN_DIRECT_OBJC_ISA_USAGE = YES_ERROR;
				CLANG_WARN_EMPTY_BODY = YES;
				CLANG_WARN_ENUM_CONVERSION = YES;
				CLANG_WARN_INT_CONVERSION = YES;
				CLANG_WARN_OBJC_ROOT_CLASS = YES_ERROR;
				CLANG_WARN_UNREACHABLE_CODE = YES;
				CLANG_WARN__DUPLICATE_METHOD_MATCH = YES;
				"CODE_SIGN_IDENTITY[sdk=iphoneos*]" = "iPhone Developer";
				COPY_PHASE_STRIP = NO;
				DEBUG_INFORMATION_FORMAT = "dwarf-with-dsym";
				ENABLE_NS_ASSERTIONS = NO;
				ENABLE_STRICT_OBJC_MSGSEND = YES;
				GCC_C_LANGUAGE_STANDARD = gnu99;
				GCC_NO_COMMON_BLOCKS = YES;
				GCC_WARN_64_TO_32_BIT_CONVERSION = YES;
				GCC_WARN_ABOUT_RETURN_TYPE = YES_ERROR;
				GCC_WARN_UNDECLARED_SELECTOR = YES;
				GCC_WARN_UNINITIALIZED_AUTOS = YES_AGGRESSIVE;
				GCC_WARN_UNUSED_FUNCTION = YES;
				GCC_WARN_UNUSED_VARIABLE = YES;
				IPHONEOS_DEPLOYMENT_TARGET = 8.3;
				MTL_ENABLE_DEBUG_INFO = NO;
				SDKROOT = iphoneos;
				VALIDATE_PRODUCT = YES;
			};
			name = Release;
		};
		138A74DF1B446D3700E550DD /* Debug */ = {
			isa = XCBuildConfiguration;
			buildSettings = {
				ASSETCATALOG_COMPILER_APPICON_NAME = AppIcon;
				INFOPLIST_FILE = "back to bach/Info.plist";
				LD_RUNPATH_SEARCH_PATHS = "$(inherited) @executable_path/Frameworks";
				PRODUCT_NAME = "$(TARGET_NAME)";
			};
			name = Debug;
		};
		138A74E01B446D3700E550DD /* Release */ = {
			isa = XCBuildConfiguration;
			buildSettings = {
				ASSETCATALOG_COMPILER_APPICON_NAME = AppIcon;
				INFOPLIST_FILE = "back to bach/Info.plist";
				LD_RUNPATH_SEARCH_PATHS = "$(inherited) @executable_path/Frameworks";
				PRODUCT_NAME = "$(TARGET_NAME)";
			};
			name = Release;
		};
		138A74E21B446D3700E550DD /* Debug */ = {
			isa = XCBuildConfiguration;
			buildSettings = {
				BUNDLE_LOADER = "$(TEST_HOST)";
				FRAMEWORK_SEARCH_PATHS = (
					"$(SDKROOT)/Developer/Library/Frameworks",
					"$(inherited)",
				);
				GCC_PREPROCESSOR_DEFINITIONS = (
					"DEBUG=1",
					"$(inherited)",
				);
				INFOPLIST_FILE = "back to bachTests/Info.plist";
				LD_RUNPATH_SEARCH_PATHS = "$(inherited) @executable_path/Frameworks @loader_path/Frameworks";
				PRODUCT_NAME = "$(TARGET_NAME)";
				TEST_HOST = "$(BUILT_PRODUCTS_DIR)/back to bach.app/back to bach";
			};
			name = Debug;
		};
		138A74E31B446D3700E550DD /* Release */ = {
			isa = XCBuildConfiguration;
			buildSettings = {
				BUNDLE_LOADER = "$(TEST_HOST)";
				FRAMEWORK_SEARCH_PATHS = (
					"$(SDKROOT)/Developer/Library/Frameworks",
					"$(inherited)",
				);
				INFOPLIST_FILE = "back to bachTests/Info.plist";
				LD_RUNPATH_SEARCH_PATHS = "$(inherited) @executable_path/Frameworks @loader_path/Frameworks";
				PRODUCT_NAME = "$(TARGET_NAME)";
				TEST_HOST = "$(BUILT_PRODUCTS_DIR)/back to bach.app/back to bach";
			};
			name = Release;
		};
/* End XCBuildConfiguration section */

/* Begin XCConfigurationList section */
		138A74BA1B446D3700E550DD /* Build configuration list for PBXProject "back to bach" */ = {
			isa = XCConfigurationList;
			buildConfigurations = (
				138A74DC1B446D3700E550DD /* Debug */,
				138A74DD1B446D3700E550DD /* Release */,
			);
			defaultConfigurationIsVisible = 0;
			defaultConfigurationName = Release;
		};
		138A74DE1B446D3700E550DD /* Build configuration list for PBXNativeTarget "back to bach" */ = {
			isa = XCConfigurationList;
			buildConfigurations = (
				138A74DF1B446D3700E550DD /* Debug */,
				138A74E01B446D3700E550DD /* Release */,
			);
			defaultConfigurationIsVisible = 0;
		};
		138A74E11B446D3700E550DD /* Build configuration list for PBXNativeTarget "back to bachTests" */ = {
			isa = XCConfigurationList;
			buildConfigurations = (
				138A74E21B446D3700E550DD /* Debug */,
				138A74E31B446D3700E550DD /* Release */,
			);
			defaultConfigurationIsVisible = 0;
		};
/* End XCConfigurationList section */
	};
	rootObject = 138A74B71B446D3700E550DD /* Project object */;
}
